
Microsoft Visual Studio Solution File, Format Version 12.00
# Visual Studio 15
VisualStudioVersion = 15.0.26430.14
MinimumVisualStudioVersion = 10.0.40219.1
Project("{FAE04EC0-301F-11D3-BF4B-00C04F79EFBC}") = "SafeExamBrowser", "SafeExamBrowser\SafeExamBrowser.csproj", "{E3AED2F8-B5DF-45D1-AC19-48066923D6D8}"
EndProject
Project("{FAE04EC0-301F-11D3-BF4B-00C04F79EFBC}") = "SafeExamBrowser.Core", "SafeExamBrowser.Core\SafeExamBrowser.Core.csproj", "{3D6FDBB6-A4AF-4626-BB2B-BF329D44F9CC}"
EndProject
Project("{2150E333-8FDC-42A3-9474-1A3956D46DE8}") = "Solution Items", "Solution Items", "{0A9E6674-2FB4-42EA-85DE-B2445B9AE2D9}"
	ProjectSection(SolutionItems) = preProject
		LICENSE.txt = LICENSE.txt
		README.md = README.md
	EndProjectSection
EndProject
Project("{FAE04EC0-301F-11D3-BF4B-00C04F79EFBC}") = "SafeExamBrowser.UserInterface", "SafeExamBrowser.UserInterface\SafeExamBrowser.UserInterface.csproj", "{E1BE031A-4354-41E7-83E8-843DED4489FF}"
EndProject
Project("{FAE04EC0-301F-11D3-BF4B-00C04F79EFBC}") = "SafeExamBrowser.Core.UnitTests", "SafeExamBrowser.Core.UnitTests\SafeExamBrowser.Core.UnitTests.csproj", "{48B9F2A1-B87D-40F0-BEC9-399E8909860F}"
EndProject
Project("{FAE04EC0-301F-11D3-BF4B-00C04F79EFBC}") = "SafeExamBrowser.Contracts", "SafeExamBrowser.Contracts\SafeExamBrowser.Contracts.csproj", "{47DA5933-BEF8-4729-94E6-ABDE2DB12262}"
EndProject
Project("{FAE04EC0-301F-11D3-BF4B-00C04F79EFBC}") = "SafeExamBrowser.Browser", "SafeExamBrowser.Browser\SafeExamBrowser.Browser.csproj", "{04E653F1-98E6-4E34-9DD7-7F2BC1A8B767}"
EndProject
Project("{FAE04EC0-301F-11D3-BF4B-00C04F79EFBC}") = "SafeExamBrowser.Monitoring", "SafeExamBrowser.Monitoring\SafeExamBrowser.Monitoring.csproj", "{EF563531-4EB5-44B9-A5EC-D6D6F204469B}"
EndProject
Project("{FAE04EC0-301F-11D3-BF4B-00C04F79EFBC}") = "SafeExamBrowser.Configuration", "SafeExamBrowser.Configuration\SafeExamBrowser.Configuration.csproj", "{C388C4DD-A159-457D-AF92-89F7AD185109}"
EndProject
Project("{FAE04EC0-301F-11D3-BF4B-00C04F79EFBC}") = "SafeExamBrowser.WindowsApi", "SafeExamBrowser.WindowsApi\SafeExamBrowser.WindowsApi.csproj", "{73724659-4150-4792-A94E-42F5F3C1B696}"
EndProject
Global
	GlobalSection(SolutionConfigurationPlatforms) = preSolution
		Debug|Any CPU = Debug|Any CPU
		Release|Any CPU = Release|Any CPU
	EndGlobalSection
	GlobalSection(ProjectConfigurationPlatforms) = postSolution
		{E3AED2F8-B5DF-45D1-AC19-48066923D6D8}.Debug|Any CPU.ActiveCfg = Debug|Any CPU
		{E3AED2F8-B5DF-45D1-AC19-48066923D6D8}.Debug|Any CPU.Build.0 = Debug|Any CPU
		{E3AED2F8-B5DF-45D1-AC19-48066923D6D8}.Release|Any CPU.ActiveCfg = Release|Any CPU
		{E3AED2F8-B5DF-45D1-AC19-48066923D6D8}.Release|Any CPU.Build.0 = Release|Any CPU
		{3D6FDBB6-A4AF-4626-BB2B-BF329D44F9CC}.Debug|Any CPU.ActiveCfg = Debug|Any CPU
		{3D6FDBB6-A4AF-4626-BB2B-BF329D44F9CC}.Debug|Any CPU.Build.0 = Debug|Any CPU
		{3D6FDBB6-A4AF-4626-BB2B-BF329D44F9CC}.Release|Any CPU.ActiveCfg = Release|Any CPU
		{3D6FDBB6-A4AF-4626-BB2B-BF329D44F9CC}.Release|Any CPU.Build.0 = Release|Any CPU
		{E1BE031A-4354-41E7-83E8-843DED4489FF}.Debug|Any CPU.ActiveCfg = Debug|Any CPU
		{E1BE031A-4354-41E7-83E8-843DED4489FF}.Debug|Any CPU.Build.0 = Debug|Any CPU
		{E1BE031A-4354-41E7-83E8-843DED4489FF}.Release|Any CPU.ActiveCfg = Release|Any CPU
		{E1BE031A-4354-41E7-83E8-843DED4489FF}.Release|Any CPU.Build.0 = Release|Any CPU
		{48B9F2A1-B87D-40F0-BEC9-399E8909860F}.Debug|Any CPU.ActiveCfg = Debug|Any CPU
		{48B9F2A1-B87D-40F0-BEC9-399E8909860F}.Debug|Any CPU.Build.0 = Debug|Any CPU
		{48B9F2A1-B87D-40F0-BEC9-399E8909860F}.Release|Any CPU.ActiveCfg = Release|Any CPU
		{48B9F2A1-B87D-40F0-BEC9-399E8909860F}.Release|Any CPU.Build.0 = Release|Any CPU
		{47DA5933-BEF8-4729-94E6-ABDE2DB12262}.Debug|Any CPU.ActiveCfg = Debug|Any CPU
		{47DA5933-BEF8-4729-94E6-ABDE2DB12262}.Debug|Any CPU.Build.0 = Debug|Any CPU
		{47DA5933-BEF8-4729-94E6-ABDE2DB12262}.Release|Any CPU.ActiveCfg = Release|Any CPU
		{47DA5933-BEF8-4729-94E6-ABDE2DB12262}.Release|Any CPU.Build.0 = Release|Any CPU
		{04E653F1-98E6-4E34-9DD7-7F2BC1A8B767}.Debug|Any CPU.ActiveCfg = Debug|Any CPU
		{04E653F1-98E6-4E34-9DD7-7F2BC1A8B767}.Debug|Any CPU.Build.0 = Debug|Any CPU
		{04E653F1-98E6-4E34-9DD7-7F2BC1A8B767}.Release|Any CPU.ActiveCfg = Release|Any CPU
		{04E653F1-98E6-4E34-9DD7-7F2BC1A8B767}.Release|Any CPU.Build.0 = Release|Any CPU
		{EF563531-4EB5-44B9-A5EC-D6D6F204469B}.Debug|Any CPU.ActiveCfg = Debug|Any CPU
		{EF563531-4EB5-44B9-A5EC-D6D6F204469B}.Debug|Any CPU.Build.0 = Debug|Any CPU
		{EF563531-4EB5-44B9-A5EC-D6D6F204469B}.Release|Any CPU.ActiveCfg = Release|Any CPU
		{EF563531-4EB5-44B9-A5EC-D6D6F204469B}.Release|Any CPU.Build.0 = Release|Any CPU
		{C388C4DD-A159-457D-AF92-89F7AD185109}.Debug|Any CPU.ActiveCfg = Debug|Any CPU
		{C388C4DD-A159-457D-AF92-89F7AD185109}.Debug|Any CPU.Build.0 = Debug|Any CPU
		{C388C4DD-A159-457D-AF92-89F7AD185109}.Release|Any CPU.ActiveCfg = Release|Any CPU
		{C388C4DD-A159-457D-AF92-89F7AD185109}.Release|Any CPU.Build.0 = Release|Any CPU
		{73724659-4150-4792-A94E-42F5F3C1B696}.Debug|Any CPU.ActiveCfg = Debug|Any CPU
		{73724659-4150-4792-A94E-42F5F3C1B696}.Debug|Any CPU.Build.0 = Debug|Any CPU
		{73724659-4150-4792-A94E-42F5F3C1B696}.Release|Any CPU.ActiveCfg = Release|Any CPU
		{73724659-4150-4792-A94E-42F5F3C1B696}.Release|Any CPU.Build.0 = Release|Any CPU
	EndGlobalSection
	GlobalSection(SolutionProperties) = preSolution
		HideSolutionNode = FALSE
	EndGlobalSection
EndGlobal
