
Microsoft Visual Studio Solution File, Format Version 12.00
# Visual Studio 15
VisualStudioVersion = 15.0.27130.2027
MinimumVisualStudioVersion = 10.0.40219.1
Project("{FAE04EC0-301F-11D3-BF4B-00C04F79EFBC}") = "SafeExamBrowser.Runtime", "SafeExamBrowser.Runtime\SafeExamBrowser.Runtime.csproj", "{E3AED2F8-B5DF-45D1-AC19-48066923D6D8}"
EndProject
Project("{FAE04EC0-301F-11D3-BF4B-00C04F79EFBC}") = "SafeExamBrowser.Core", "SafeExamBrowser.Core\SafeExamBrowser.Core.csproj", "{3D6FDBB6-A4AF-4626-BB2B-BF329D44F9CC}"
EndProject
Project("{2150E333-8FDC-42A3-9474-1A3956D46DE8}") = "Solution Items", "Solution Items", "{0A9E6674-2FB4-42EA-85DE-B2445B9AE2D9}"
	ProjectSection(SolutionItems) = preProject
		.editorconfig = .editorconfig
		LICENSE.txt = LICENSE.txt
	EndProjectSection
EndProject
Project("{FAE04EC0-301F-11D3-BF4B-00C04F79EFBC}") = "SafeExamBrowser.Core.UnitTests", "SafeExamBrowser.Core.UnitTests\SafeExamBrowser.Core.UnitTests.csproj", "{48B9F2A1-B87D-40F0-BEC9-399E8909860F}"
EndProject
Project("{FAE04EC0-301F-11D3-BF4B-00C04F79EFBC}") = "SafeExamBrowser.Browser", "SafeExamBrowser.Browser\SafeExamBrowser.Browser.csproj", "{04E653F1-98E6-4E34-9DD7-7F2BC1A8B767}"
EndProject
Project("{FAE04EC0-301F-11D3-BF4B-00C04F79EFBC}") = "SafeExamBrowser.Monitoring", "SafeExamBrowser.Monitoring\SafeExamBrowser.Monitoring.csproj", "{EF563531-4EB5-44B9-A5EC-D6D6F204469B}"
EndProject
Project("{FAE04EC0-301F-11D3-BF4B-00C04F79EFBC}") = "SafeExamBrowser.Configuration", "SafeExamBrowser.Configuration\SafeExamBrowser.Configuration.csproj", "{C388C4DD-A159-457D-AF92-89F7AD185109}"
EndProject
Project("{FAE04EC0-301F-11D3-BF4B-00C04F79EFBC}") = "SafeExamBrowser.WindowsApi", "SafeExamBrowser.WindowsApi\SafeExamBrowser.WindowsApi.csproj", "{73724659-4150-4792-A94E-42F5F3C1B696}"
EndProject
Project("{FAE04EC0-301F-11D3-BF4B-00C04F79EFBC}") = "SafeExamBrowser.SystemComponents", "SafeExamBrowser.SystemComponents\SafeExamBrowser.SystemComponents.csproj", "{ACEE2EF1-14D2-4B52-8994-5C053055BB51}"
EndProject
Project("{FAE04EC0-301F-11D3-BF4B-00C04F79EFBC}") = "SafeExamBrowser.UserInterface.Desktop", "SafeExamBrowser.UserInterface.Desktop\SafeExamBrowser.UserInterface.Desktop.csproj", "{A502DF54-7169-4647-94BD-18B192924866}"
EndProject
Project("{2150E333-8FDC-42A3-9474-1A3956D46DE8}") = "Libraries", "Libraries", "{E03B19EC-8E4D-481C-9C1B-5C6C060D3D6B}"
	ProjectSection(SolutionItems) = preProject
		Libraries\SimpleWifi.dll = Libraries\SimpleWifi.dll
	EndProjectSection
EndProject
Project("{FAE04EC0-301F-11D3-BF4B-00C04F79EFBC}") = "SafeExamBrowser.Client", "SafeExamBrowser.Client\SafeExamBrowser.Client.csproj", "{7CC5A895-E0D3-4E43-9B39-CCEC05A5A6A7}"
EndProject
Project("{FAE04EC0-301F-11D3-BF4B-00C04F79EFBC}") = "SafeExamBrowser.Client.UnitTests", "SafeExamBrowser.Client.UnitTests\SafeExamBrowser.Client.UnitTests.csproj", "{15684416-FADF-4C51-85DE-4F343BFAB752}"
EndProject
Project("{FAE04EC0-301F-11D3-BF4B-00C04F79EFBC}") = "SafeExamBrowser.Runtime.UnitTests", "SafeExamBrowser.Runtime.UnitTests\SafeExamBrowser.Runtime.UnitTests.csproj", "{B716A8B2-DF72-4143-9941-25E033089F5F}"
EndProject
Project("{FAE04EC0-301F-11D3-BF4B-00C04F79EFBC}") = "SafeExamBrowser.Communication", "SafeExamBrowser.Communication\SafeExamBrowser.Communication.csproj", "{C9416A62-0623-4D38-96AA-92516B32F02F}"
EndProject
Project("{FAE04EC0-301F-11D3-BF4B-00C04F79EFBC}") = "SafeExamBrowser.Communication.UnitTests", "SafeExamBrowser.Communication.UnitTests\SafeExamBrowser.Communication.UnitTests.csproj", "{21137D66-7D01-4327-92D2-0304C25CD7DF}"
EndProject
Project("{FAE04EC0-301F-11D3-BF4B-00C04F79EFBC}") = "SafeExamBrowser.I18n", "SafeExamBrowser.I18n\SafeExamBrowser.I18n.csproj", "{10C62628-8E6A-45AA-9D97-339B119AD21D}"
EndProject
Project("{FAE04EC0-301F-11D3-BF4B-00C04F79EFBC}") = "SafeExamBrowser.I18n.UnitTests", "SafeExamBrowser.I18n.UnitTests\SafeExamBrowser.I18n.UnitTests.csproj", "{9ABB1BDE-03E1-4076-8F8B-FDA1E61ED675}"
EndProject
Project("{FAE04EC0-301F-11D3-BF4B-00C04F79EFBC}") = "SafeExamBrowser.Logging", "SafeExamBrowser.Logging\SafeExamBrowser.Logging.csproj", "{E107026C-2011-4552-A7D8-3A0D37881DF6}"
EndProject
Project("{FAE04EC0-301F-11D3-BF4B-00C04F79EFBC}") = "SafeExamBrowser.Logging.UnitTests", "SafeExamBrowser.Logging.UnitTests\SafeExamBrowser.Logging.UnitTests.csproj", "{7F012305-1125-47CE-9C2A-146C891C0924}"
EndProject
Project("{FAE04EC0-301F-11D3-BF4B-00C04F79EFBC}") = "SafeExamBrowser.Configuration.UnitTests", "SafeExamBrowser.Configuration.UnitTests\SafeExamBrowser.Configuration.UnitTests.csproj", "{9CDD03E7-ED65-409F-8C07-BD6F633A0170}"
EndProject
Project("{FAE04EC0-301F-11D3-BF4B-00C04F79EFBC}") = "SafeExamBrowser.UserInterface.Mobile", "SafeExamBrowser.UserInterface.Mobile\SafeExamBrowser.UserInterface.Mobile.csproj", "{89BC24DD-FF31-496E-9816-A160B686A3D4}"
EndProject
Project("{FAE04EC0-301F-11D3-BF4B-00C04F79EFBC}") = "SafeExamBrowser.UserInterface.Shared", "SafeExamBrowser.UserInterface.Shared\SafeExamBrowser.UserInterface.Shared.csproj", "{38525928-87BA-4F8C-8010-4EB97BFAAE13}"
EndProject
Project("{FAE04EC0-301F-11D3-BF4B-00C04F79EFBC}") = "SafeExamBrowser.Service", "SafeExamBrowser.Service\SafeExamBrowser.Service.csproj", "{FA3C6692-DFED-4AFA-BD58-9A3DA2753C78}"
EndProject
Project("{FAE04EC0-301F-11D3-BF4B-00C04F79EFBC}") = "SafeExamBrowser.Service.UnitTests", "SafeExamBrowser.Service.UnitTests\SafeExamBrowser.Service.UnitTests.csproj", "{26C4AAEE-3902-400C-A154-63A357DEA2F8}"
EndProject
Project("{FAE04EC0-301F-11D3-BF4B-00C04F79EFBC}") = "SafeExamBrowser.Lockdown", "SafeExamBrowser.Lockdown\SafeExamBrowser.Lockdown.csproj", "{386B6042-3E12-4753-9FC6-C88EA4F97030}"
EndProject
Project("{FAE04EC0-301F-11D3-BF4B-00C04F79EFBC}") = "SafeExamBrowser.Lockdown.UnitTests", "SafeExamBrowser.Lockdown.UnitTests\SafeExamBrowser.Lockdown.UnitTests.csproj", "{90378E33-3898-4A7C-BE2D-2F3EFCFC4BB5}"
EndProject
Project("{FAE04EC0-301F-11D3-BF4B-00C04F79EFBC}") = "SafeExamBrowser.ResetUtility", "SafeExamBrowser.ResetUtility\SafeExamBrowser.ResetUtility.csproj", "{BC229E80-FF93-424F-9930-D9C07D9B57B4}"
EndProject
Project("{FAE04EC0-301F-11D3-BF4B-00C04F79EFBC}") = "SebWindowsConfig", "SebWindowsConfig\SebWindowsConfig.csproj", "{BEF73897-0D04-4F40-AD89-62E24D260CD0}"
EndProject
Project("{FAE04EC0-301F-11D3-BF4B-00C04F79EFBC}") = "SafeExamBrowser.Browser.Contracts", "SafeExamBrowser.Browser.Contracts\SafeExamBrowser.Browser.Contracts.csproj", "{5FB5273D-277C-41DD-8593-A25CE1AFF2E9}"
EndProject
Project("{FAE04EC0-301F-11D3-BF4B-00C04F79EFBC}") = "SafeExamBrowser.Applications.Contracts", "SafeExamBrowser.Applications.Contracts\SafeExamBrowser.Applications.Contracts.csproj", "{AC77745D-3B41-43E2-8E84-D40E5A4EE77F}"
EndProject
Project("{FAE04EC0-301F-11D3-BF4B-00C04F79EFBC}") = "SafeExamBrowser.Communication.Contracts", "SafeExamBrowser.Communication.Contracts\SafeExamBrowser.Communication.Contracts.csproj", "{0CD2C5FE-711A-4C32-AFE0-BB804FE8B220}"
EndProject
Project("{FAE04EC0-301F-11D3-BF4B-00C04F79EFBC}") = "SafeExamBrowser.Configuration.Contracts", "SafeExamBrowser.Configuration.Contracts\SafeExamBrowser.Configuration.Contracts.csproj", "{7D74555E-63E1-4C46-BD0A-8580552368C8}"
EndProject
Project("{FAE04EC0-301F-11D3-BF4B-00C04F79EFBC}") = "SafeExamBrowser.Core.Contracts", "SafeExamBrowser.Core.Contracts\SafeExamBrowser.Core.Contracts.csproj", "{FE0E1224-B447-4B14-81E7-ED7D84822AA0}"
EndProject
Project("{FAE04EC0-301F-11D3-BF4B-00C04F79EFBC}") = "SafeExamBrowser.I18n.Contracts", "SafeExamBrowser.I18n.Contracts\SafeExamBrowser.I18n.Contracts.csproj", "{1858DDF3-BC2A-4BFF-B663-4CE2FFEB8B7D}"
EndProject
Project("{FAE04EC0-301F-11D3-BF4B-00C04F79EFBC}") = "SafeExamBrowser.Lockdown.Contracts", "SafeExamBrowser.Lockdown.Contracts\SafeExamBrowser.Lockdown.Contracts.csproj", "{3368B17D-6060-4482-9983-AA800D74041D}"
EndProject
Project("{FAE04EC0-301F-11D3-BF4B-00C04F79EFBC}") = "SafeExamBrowser.Logging.Contracts", "SafeExamBrowser.Logging.Contracts\SafeExamBrowser.Logging.Contracts.csproj", "{64EA30FB-11D4-436A-9C2B-88566285363E}"
EndProject
Project("{FAE04EC0-301F-11D3-BF4B-00C04F79EFBC}") = "SafeExamBrowser.Monitoring.Contracts", "SafeExamBrowser.Monitoring.Contracts\SafeExamBrowser.Monitoring.Contracts.csproj", "{6D563A30-366D-4C35-815B-2C9E6872278B}"
EndProject
Project("{FAE04EC0-301F-11D3-BF4B-00C04F79EFBC}") = "SafeExamBrowser.SystemComponents.Contracts", "SafeExamBrowser.SystemComponents.Contracts\SafeExamBrowser.SystemComponents.Contracts.csproj", "{903129C6-E236-493B-9AD6-C6A57F647A3A}"
EndProject
Project("{FAE04EC0-301F-11D3-BF4B-00C04F79EFBC}") = "SafeExamBrowser.UserInterface.Contracts", "SafeExamBrowser.UserInterface.Contracts\SafeExamBrowser.UserInterface.Contracts.csproj", "{C7889E97-6FF6-4A58-B7CB-521ED276B316}"
EndProject
Project("{FAE04EC0-301F-11D3-BF4B-00C04F79EFBC}") = "SafeExamBrowser.WindowsApi.Contracts", "SafeExamBrowser.WindowsApi.Contracts\SafeExamBrowser.WindowsApi.Contracts.csproj", "{7016F080-9AA5-41B2-A225-385AD877C171}"
EndProject
Project("{FAE04EC0-301F-11D3-BF4B-00C04F79EFBC}") = "SafeExamBrowser.Settings", "SafeExamBrowser.Settings\SafeExamBrowser.Settings.csproj", "{30B2D907-5861-4F39-ABAD-C4ABF1B3470E}"
EndProject
Project("{FAE04EC0-301F-11D3-BF4B-00C04F79EFBC}") = "SafeExamBrowser.Browser.UnitTests", "SafeExamBrowser.Browser.UnitTests\SafeExamBrowser.Browser.UnitTests.csproj", "{F54C4C0E-4C72-4F88-A389-7F6DE3CCB745}"
EndProject
Project("{FAE04EC0-301F-11D3-BF4B-00C04F79EFBC}") = "SafeExamBrowser.Applications", "SafeExamBrowser.Applications\SafeExamBrowser.Applications.csproj", "{A113E68F-1209-4689-981A-15C554B2DF4E}"
EndProject
Project("{FAE04EC0-301F-11D3-BF4B-00C04F79EFBC}") = "SafeExamBrowser.Server", "SafeExamBrowser.Server\SafeExamBrowser.Server.csproj", "{46EDBDE0-58B4-4725-9783-0C55C3D49C0C}"
EndProject
Project("{FAE04EC0-301F-11D3-BF4B-00C04F79EFBC}") = "SafeExamBrowser.Server.Contracts", "SafeExamBrowser.Server.Contracts\SafeExamBrowser.Server.Contracts.csproj", "{DB701E6F-BDDC-4CEC-B662-335A9DC11809}"
EndProject
Project("{930C7802-8A8C-48F9-8165-68863BCCD9DD}") = "Setup", "Setup\Setup.wixproj", "{0E14D163-557E-469E-9112-96936AF43A7B}"
EndProject
Project("{930C7802-8A8C-48F9-8165-68863BCCD9DD}") = "SetupBundle", "SetupBundle\SetupBundle.wixproj", "{95B68CBF-C483-4824-BB39-663E840519A0}"
EndProject
Project("{FAE04EC0-301F-11D3-BF4B-00C04F79EFBC}") = "SafeExamBrowser.Proctoring", "SafeExamBrowser.Proctoring\SafeExamBrowser.Proctoring.csproj", "{3F1F262E-A07C-4513-83C6-D7EF2F203EBF}"
EndProject
Project("{FAE04EC0-301F-11D3-BF4B-00C04F79EFBC}") = "SafeExamBrowser.Proctoring.Contracts", "SafeExamBrowser.Proctoring.Contracts\SafeExamBrowser.Proctoring.Contracts.csproj", "{8E52BD1C-0540-4F16-B181-6665D43F7A7B}"
EndProject
Global
	GlobalSection(SolutionConfigurationPlatforms) = preSolution
		Debug|x64 = Debug|x64
		Debug|x86 = Debug|x86
		Release|x64 = Release|x64
		Release|x86 = Release|x86
	EndGlobalSection
	GlobalSection(ProjectConfigurationPlatforms) = postSolution
		{E3AED2F8-B5DF-45D1-AC19-48066923D6D8}.Debug|x64.ActiveCfg = Debug|x64
		{E3AED2F8-B5DF-45D1-AC19-48066923D6D8}.Debug|x64.Build.0 = Debug|x64
		{E3AED2F8-B5DF-45D1-AC19-48066923D6D8}.Debug|x86.ActiveCfg = Debug|x86
		{E3AED2F8-B5DF-45D1-AC19-48066923D6D8}.Debug|x86.Build.0 = Debug|x86
		{E3AED2F8-B5DF-45D1-AC19-48066923D6D8}.Release|x64.ActiveCfg = Release|x64
		{E3AED2F8-B5DF-45D1-AC19-48066923D6D8}.Release|x64.Build.0 = Release|x64
		{E3AED2F8-B5DF-45D1-AC19-48066923D6D8}.Release|x86.ActiveCfg = Release|x86
		{E3AED2F8-B5DF-45D1-AC19-48066923D6D8}.Release|x86.Build.0 = Release|x86
		{3D6FDBB6-A4AF-4626-BB2B-BF329D44F9CC}.Debug|x64.ActiveCfg = Debug|x64
		{3D6FDBB6-A4AF-4626-BB2B-BF329D44F9CC}.Debug|x64.Build.0 = Debug|x64
		{3D6FDBB6-A4AF-4626-BB2B-BF329D44F9CC}.Debug|x86.ActiveCfg = Debug|x86
		{3D6FDBB6-A4AF-4626-BB2B-BF329D44F9CC}.Debug|x86.Build.0 = Debug|x86
		{3D6FDBB6-A4AF-4626-BB2B-BF329D44F9CC}.Release|x64.ActiveCfg = Release|x64
		{3D6FDBB6-A4AF-4626-BB2B-BF329D44F9CC}.Release|x64.Build.0 = Release|x64
		{3D6FDBB6-A4AF-4626-BB2B-BF329D44F9CC}.Release|x86.ActiveCfg = Release|x86
		{3D6FDBB6-A4AF-4626-BB2B-BF329D44F9CC}.Release|x86.Build.0 = Release|x86
		{48B9F2A1-B87D-40F0-BEC9-399E8909860F}.Debug|x64.ActiveCfg = Debug|x64
		{48B9F2A1-B87D-40F0-BEC9-399E8909860F}.Debug|x64.Build.0 = Debug|x64
		{48B9F2A1-B87D-40F0-BEC9-399E8909860F}.Debug|x86.ActiveCfg = Debug|x86
		{48B9F2A1-B87D-40F0-BEC9-399E8909860F}.Debug|x86.Build.0 = Debug|x86
		{48B9F2A1-B87D-40F0-BEC9-399E8909860F}.Release|x64.ActiveCfg = Release|x64
		{48B9F2A1-B87D-40F0-BEC9-399E8909860F}.Release|x86.ActiveCfg = Release|x86
		{04E653F1-98E6-4E34-9DD7-7F2BC1A8B767}.Debug|x64.ActiveCfg = Debug|x64
		{04E653F1-98E6-4E34-9DD7-7F2BC1A8B767}.Debug|x64.Build.0 = Debug|x64
		{04E653F1-98E6-4E34-9DD7-7F2BC1A8B767}.Debug|x86.ActiveCfg = Debug|x86
		{04E653F1-98E6-4E34-9DD7-7F2BC1A8B767}.Debug|x86.Build.0 = Debug|x86
		{04E653F1-98E6-4E34-9DD7-7F2BC1A8B767}.Release|x64.ActiveCfg = Release|x64
		{04E653F1-98E6-4E34-9DD7-7F2BC1A8B767}.Release|x64.Build.0 = Release|x64
		{04E653F1-98E6-4E34-9DD7-7F2BC1A8B767}.Release|x86.ActiveCfg = Release|x86
		{04E653F1-98E6-4E34-9DD7-7F2BC1A8B767}.Release|x86.Build.0 = Release|x86
		{EF563531-4EB5-44B9-A5EC-D6D6F204469B}.Debug|x64.ActiveCfg = Debug|x64
		{EF563531-4EB5-44B9-A5EC-D6D6F204469B}.Debug|x64.Build.0 = Debug|x64
		{EF563531-4EB5-44B9-A5EC-D6D6F204469B}.Debug|x86.ActiveCfg = Debug|x86
		{EF563531-4EB5-44B9-A5EC-D6D6F204469B}.Debug|x86.Build.0 = Debug|x86
		{EF563531-4EB5-44B9-A5EC-D6D6F204469B}.Release|x64.ActiveCfg = Release|x64
		{EF563531-4EB5-44B9-A5EC-D6D6F204469B}.Release|x64.Build.0 = Release|x64
		{EF563531-4EB5-44B9-A5EC-D6D6F204469B}.Release|x86.ActiveCfg = Release|x86
		{EF563531-4EB5-44B9-A5EC-D6D6F204469B}.Release|x86.Build.0 = Release|x86
		{C388C4DD-A159-457D-AF92-89F7AD185109}.Debug|x64.ActiveCfg = Debug|x64
		{C388C4DD-A159-457D-AF92-89F7AD185109}.Debug|x64.Build.0 = Debug|x64
		{C388C4DD-A159-457D-AF92-89F7AD185109}.Debug|x86.ActiveCfg = Debug|x86
		{C388C4DD-A159-457D-AF92-89F7AD185109}.Debug|x86.Build.0 = Debug|x86
		{C388C4DD-A159-457D-AF92-89F7AD185109}.Release|x64.ActiveCfg = Release|x64
		{C388C4DD-A159-457D-AF92-89F7AD185109}.Release|x64.Build.0 = Release|x64
		{C388C4DD-A159-457D-AF92-89F7AD185109}.Release|x86.ActiveCfg = Release|x86
		{C388C4DD-A159-457D-AF92-89F7AD185109}.Release|x86.Build.0 = Release|x86
		{73724659-4150-4792-A94E-42F5F3C1B696}.Debug|x64.ActiveCfg = Debug|x64
		{73724659-4150-4792-A94E-42F5F3C1B696}.Debug|x64.Build.0 = Debug|x64
		{73724659-4150-4792-A94E-42F5F3C1B696}.Debug|x86.ActiveCfg = Debug|x86
		{73724659-4150-4792-A94E-42F5F3C1B696}.Debug|x86.Build.0 = Debug|x86
		{73724659-4150-4792-A94E-42F5F3C1B696}.Release|x64.ActiveCfg = Release|x64
		{73724659-4150-4792-A94E-42F5F3C1B696}.Release|x64.Build.0 = Release|x64
		{73724659-4150-4792-A94E-42F5F3C1B696}.Release|x86.ActiveCfg = Release|x86
		{73724659-4150-4792-A94E-42F5F3C1B696}.Release|x86.Build.0 = Release|x86
		{ACEE2EF1-14D2-4B52-8994-5C053055BB51}.Debug|x64.ActiveCfg = Debug|x64
		{ACEE2EF1-14D2-4B52-8994-5C053055BB51}.Debug|x64.Build.0 = Debug|x64
		{ACEE2EF1-14D2-4B52-8994-5C053055BB51}.Debug|x86.ActiveCfg = Debug|x86
		{ACEE2EF1-14D2-4B52-8994-5C053055BB51}.Debug|x86.Build.0 = Debug|x86
		{ACEE2EF1-14D2-4B52-8994-5C053055BB51}.Release|x64.ActiveCfg = Release|x64
		{ACEE2EF1-14D2-4B52-8994-5C053055BB51}.Release|x64.Build.0 = Release|x64
		{ACEE2EF1-14D2-4B52-8994-5C053055BB51}.Release|x86.ActiveCfg = Release|x86
		{ACEE2EF1-14D2-4B52-8994-5C053055BB51}.Release|x86.Build.0 = Release|x86
		{A502DF54-7169-4647-94BD-18B192924866}.Debug|x64.ActiveCfg = Debug|x64
		{A502DF54-7169-4647-94BD-18B192924866}.Debug|x64.Build.0 = Debug|x64
		{A502DF54-7169-4647-94BD-18B192924866}.Debug|x86.ActiveCfg = Debug|x86
		{A502DF54-7169-4647-94BD-18B192924866}.Debug|x86.Build.0 = Debug|x86
		{A502DF54-7169-4647-94BD-18B192924866}.Release|x64.ActiveCfg = Release|x64
		{A502DF54-7169-4647-94BD-18B192924866}.Release|x64.Build.0 = Release|x64
		{A502DF54-7169-4647-94BD-18B192924866}.Release|x86.ActiveCfg = Release|x86
		{A502DF54-7169-4647-94BD-18B192924866}.Release|x86.Build.0 = Release|x86
		{7CC5A895-E0D3-4E43-9B39-CCEC05A5A6A7}.Debug|x64.ActiveCfg = Debug|x64
		{7CC5A895-E0D3-4E43-9B39-CCEC05A5A6A7}.Debug|x64.Build.0 = Debug|x64
		{7CC5A895-E0D3-4E43-9B39-CCEC05A5A6A7}.Debug|x86.ActiveCfg = Debug|x86
		{7CC5A895-E0D3-4E43-9B39-CCEC05A5A6A7}.Debug|x86.Build.0 = Debug|x86
		{7CC5A895-E0D3-4E43-9B39-CCEC05A5A6A7}.Release|x64.ActiveCfg = Release|x64
		{7CC5A895-E0D3-4E43-9B39-CCEC05A5A6A7}.Release|x64.Build.0 = Release|x64
		{7CC5A895-E0D3-4E43-9B39-CCEC05A5A6A7}.Release|x86.ActiveCfg = Release|x86
		{7CC5A895-E0D3-4E43-9B39-CCEC05A5A6A7}.Release|x86.Build.0 = Release|x86
		{15684416-FADF-4C51-85DE-4F343BFAB752}.Debug|x64.ActiveCfg = Debug|x64
		{15684416-FADF-4C51-85DE-4F343BFAB752}.Debug|x64.Build.0 = Debug|x64
		{15684416-FADF-4C51-85DE-4F343BFAB752}.Debug|x86.ActiveCfg = Debug|x86
		{15684416-FADF-4C51-85DE-4F343BFAB752}.Debug|x86.Build.0 = Debug|x86
		{15684416-FADF-4C51-85DE-4F343BFAB752}.Release|x64.ActiveCfg = Release|x64
		{15684416-FADF-4C51-85DE-4F343BFAB752}.Release|x86.ActiveCfg = Release|x86
		{B716A8B2-DF72-4143-9941-25E033089F5F}.Debug|x64.ActiveCfg = Debug|x64
		{B716A8B2-DF72-4143-9941-25E033089F5F}.Debug|x64.Build.0 = Debug|x64
		{B716A8B2-DF72-4143-9941-25E033089F5F}.Debug|x86.ActiveCfg = Debug|x86
		{B716A8B2-DF72-4143-9941-25E033089F5F}.Debug|x86.Build.0 = Debug|x86
		{B716A8B2-DF72-4143-9941-25E033089F5F}.Release|x64.ActiveCfg = Release|x64
		{B716A8B2-DF72-4143-9941-25E033089F5F}.Release|x86.ActiveCfg = Release|x86
		{C9416A62-0623-4D38-96AA-92516B32F02F}.Debug|x64.ActiveCfg = Debug|x64
		{C9416A62-0623-4D38-96AA-92516B32F02F}.Debug|x64.Build.0 = Debug|x64
		{C9416A62-0623-4D38-96AA-92516B32F02F}.Debug|x86.ActiveCfg = Debug|x86
		{C9416A62-0623-4D38-96AA-92516B32F02F}.Debug|x86.Build.0 = Debug|x86
		{C9416A62-0623-4D38-96AA-92516B32F02F}.Release|x64.ActiveCfg = Release|x64
		{C9416A62-0623-4D38-96AA-92516B32F02F}.Release|x64.Build.0 = Release|x64
		{C9416A62-0623-4D38-96AA-92516B32F02F}.Release|x86.ActiveCfg = Release|x86
		{C9416A62-0623-4D38-96AA-92516B32F02F}.Release|x86.Build.0 = Release|x86
		{21137D66-7D01-4327-92D2-0304C25CD7DF}.Debug|x64.ActiveCfg = Debug|x64
		{21137D66-7D01-4327-92D2-0304C25CD7DF}.Debug|x64.Build.0 = Debug|x64
		{21137D66-7D01-4327-92D2-0304C25CD7DF}.Debug|x86.ActiveCfg = Debug|x86
		{21137D66-7D01-4327-92D2-0304C25CD7DF}.Debug|x86.Build.0 = Debug|x86
		{21137D66-7D01-4327-92D2-0304C25CD7DF}.Release|x64.ActiveCfg = Release|x64
		{21137D66-7D01-4327-92D2-0304C25CD7DF}.Release|x86.ActiveCfg = Release|x86
		{10C62628-8E6A-45AA-9D97-339B119AD21D}.Debug|x64.ActiveCfg = Debug|x64
		{10C62628-8E6A-45AA-9D97-339B119AD21D}.Debug|x64.Build.0 = Debug|x64
		{10C62628-8E6A-45AA-9D97-339B119AD21D}.Debug|x86.ActiveCfg = Debug|x86
		{10C62628-8E6A-45AA-9D97-339B119AD21D}.Debug|x86.Build.0 = Debug|x86
		{10C62628-8E6A-45AA-9D97-339B119AD21D}.Release|x64.ActiveCfg = Release|x64
		{10C62628-8E6A-45AA-9D97-339B119AD21D}.Release|x64.Build.0 = Release|x64
		{10C62628-8E6A-45AA-9D97-339B119AD21D}.Release|x86.ActiveCfg = Release|x86
		{10C62628-8E6A-45AA-9D97-339B119AD21D}.Release|x86.Build.0 = Release|x86
		{9ABB1BDE-03E1-4076-8F8B-FDA1E61ED675}.Debug|x64.ActiveCfg = Debug|x64
		{9ABB1BDE-03E1-4076-8F8B-FDA1E61ED675}.Debug|x64.Build.0 = Debug|x64
		{9ABB1BDE-03E1-4076-8F8B-FDA1E61ED675}.Debug|x86.ActiveCfg = Debug|x86
		{9ABB1BDE-03E1-4076-8F8B-FDA1E61ED675}.Debug|x86.Build.0 = Debug|x86
		{9ABB1BDE-03E1-4076-8F8B-FDA1E61ED675}.Release|x64.ActiveCfg = Release|x64
		{9ABB1BDE-03E1-4076-8F8B-FDA1E61ED675}.Release|x86.ActiveCfg = Release|x86
		{E107026C-2011-4552-A7D8-3A0D37881DF6}.Debug|x64.ActiveCfg = Debug|x64
		{E107026C-2011-4552-A7D8-3A0D37881DF6}.Debug|x64.Build.0 = Debug|x64
		{E107026C-2011-4552-A7D8-3A0D37881DF6}.Debug|x86.ActiveCfg = Debug|x86
		{E107026C-2011-4552-A7D8-3A0D37881DF6}.Debug|x86.Build.0 = Debug|x86
		{E107026C-2011-4552-A7D8-3A0D37881DF6}.Release|x64.ActiveCfg = Release|x64
		{E107026C-2011-4552-A7D8-3A0D37881DF6}.Release|x64.Build.0 = Release|x64
		{E107026C-2011-4552-A7D8-3A0D37881DF6}.Release|x86.ActiveCfg = Release|x86
		{E107026C-2011-4552-A7D8-3A0D37881DF6}.Release|x86.Build.0 = Release|x86
		{7F012305-1125-47CE-9C2A-146C891C0924}.Debug|x64.ActiveCfg = Debug|x64
		{7F012305-1125-47CE-9C2A-146C891C0924}.Debug|x64.Build.0 = Debug|x64
		{7F012305-1125-47CE-9C2A-146C891C0924}.Debug|x86.ActiveCfg = Debug|x86
		{7F012305-1125-47CE-9C2A-146C891C0924}.Debug|x86.Build.0 = Debug|x86
		{7F012305-1125-47CE-9C2A-146C891C0924}.Release|x64.ActiveCfg = Release|x64
		{7F012305-1125-47CE-9C2A-146C891C0924}.Release|x86.ActiveCfg = Release|x86
		{9CDD03E7-ED65-409F-8C07-BD6F633A0170}.Debug|x64.ActiveCfg = Debug|x64
		{9CDD03E7-ED65-409F-8C07-BD6F633A0170}.Debug|x64.Build.0 = Debug|x64
		{9CDD03E7-ED65-409F-8C07-BD6F633A0170}.Debug|x86.ActiveCfg = Debug|x86
		{9CDD03E7-ED65-409F-8C07-BD6F633A0170}.Debug|x86.Build.0 = Debug|x86
		{9CDD03E7-ED65-409F-8C07-BD6F633A0170}.Release|x64.ActiveCfg = Release|x64
		{9CDD03E7-ED65-409F-8C07-BD6F633A0170}.Release|x86.ActiveCfg = Release|x86
		{89BC24DD-FF31-496E-9816-A160B686A3D4}.Debug|x64.ActiveCfg = Debug|x64
		{89BC24DD-FF31-496E-9816-A160B686A3D4}.Debug|x64.Build.0 = Debug|x64
		{89BC24DD-FF31-496E-9816-A160B686A3D4}.Debug|x86.ActiveCfg = Debug|x86
		{89BC24DD-FF31-496E-9816-A160B686A3D4}.Debug|x86.Build.0 = Debug|x86
		{89BC24DD-FF31-496E-9816-A160B686A3D4}.Release|x64.ActiveCfg = Release|x64
		{89BC24DD-FF31-496E-9816-A160B686A3D4}.Release|x64.Build.0 = Release|x64
		{89BC24DD-FF31-496E-9816-A160B686A3D4}.Release|x86.ActiveCfg = Release|x86
		{89BC24DD-FF31-496E-9816-A160B686A3D4}.Release|x86.Build.0 = Release|x86
		{38525928-87BA-4F8C-8010-4EB97BFAAE13}.Debug|x64.ActiveCfg = Debug|x64
		{38525928-87BA-4F8C-8010-4EB97BFAAE13}.Debug|x64.Build.0 = Debug|x64
		{38525928-87BA-4F8C-8010-4EB97BFAAE13}.Debug|x86.ActiveCfg = Debug|x86
		{38525928-87BA-4F8C-8010-4EB97BFAAE13}.Debug|x86.Build.0 = Debug|x86
		{38525928-87BA-4F8C-8010-4EB97BFAAE13}.Release|x64.ActiveCfg = Release|x64
		{38525928-87BA-4F8C-8010-4EB97BFAAE13}.Release|x64.Build.0 = Release|x64
		{38525928-87BA-4F8C-8010-4EB97BFAAE13}.Release|x86.ActiveCfg = Release|x86
		{38525928-87BA-4F8C-8010-4EB97BFAAE13}.Release|x86.Build.0 = Release|x86
		{FA3C6692-DFED-4AFA-BD58-9A3DA2753C78}.Debug|x64.ActiveCfg = Debug|x64
		{FA3C6692-DFED-4AFA-BD58-9A3DA2753C78}.Debug|x64.Build.0 = Debug|x64
		{FA3C6692-DFED-4AFA-BD58-9A3DA2753C78}.Debug|x86.ActiveCfg = Debug|x86
		{FA3C6692-DFED-4AFA-BD58-9A3DA2753C78}.Debug|x86.Build.0 = Debug|x86
		{FA3C6692-DFED-4AFA-BD58-9A3DA2753C78}.Release|x64.ActiveCfg = Release|x64
		{FA3C6692-DFED-4AFA-BD58-9A3DA2753C78}.Release|x64.Build.0 = Release|x64
		{FA3C6692-DFED-4AFA-BD58-9A3DA2753C78}.Release|x86.ActiveCfg = Release|x86
		{FA3C6692-DFED-4AFA-BD58-9A3DA2753C78}.Release|x86.Build.0 = Release|x86
		{26C4AAEE-3902-400C-A154-63A357DEA2F8}.Debug|x64.ActiveCfg = Debug|x64
		{26C4AAEE-3902-400C-A154-63A357DEA2F8}.Debug|x64.Build.0 = Debug|x64
		{26C4AAEE-3902-400C-A154-63A357DEA2F8}.Debug|x86.ActiveCfg = Debug|x86
		{26C4AAEE-3902-400C-A154-63A357DEA2F8}.Debug|x86.Build.0 = Debug|x86
		{26C4AAEE-3902-400C-A154-63A357DEA2F8}.Release|x64.ActiveCfg = Release|x64
		{26C4AAEE-3902-400C-A154-63A357DEA2F8}.Release|x86.ActiveCfg = Release|x86
		{386B6042-3E12-4753-9FC6-C88EA4F97030}.Debug|x64.ActiveCfg = Debug|x64
		{386B6042-3E12-4753-9FC6-C88EA4F97030}.Debug|x64.Build.0 = Debug|x64
		{386B6042-3E12-4753-9FC6-C88EA4F97030}.Debug|x86.ActiveCfg = Debug|x86
		{386B6042-3E12-4753-9FC6-C88EA4F97030}.Debug|x86.Build.0 = Debug|x86
		{386B6042-3E12-4753-9FC6-C88EA4F97030}.Release|x64.ActiveCfg = Release|x64
		{386B6042-3E12-4753-9FC6-C88EA4F97030}.Release|x64.Build.0 = Release|x64
		{386B6042-3E12-4753-9FC6-C88EA4F97030}.Release|x86.ActiveCfg = Release|x86
		{386B6042-3E12-4753-9FC6-C88EA4F97030}.Release|x86.Build.0 = Release|x86
		{90378E33-3898-4A7C-BE2D-2F3EFCFC4BB5}.Debug|x64.ActiveCfg = Debug|x64
		{90378E33-3898-4A7C-BE2D-2F3EFCFC4BB5}.Debug|x64.Build.0 = Debug|x64
		{90378E33-3898-4A7C-BE2D-2F3EFCFC4BB5}.Debug|x86.ActiveCfg = Debug|x86
		{90378E33-3898-4A7C-BE2D-2F3EFCFC4BB5}.Debug|x86.Build.0 = Debug|x86
		{90378E33-3898-4A7C-BE2D-2F3EFCFC4BB5}.Release|x64.ActiveCfg = Release|x64
		{90378E33-3898-4A7C-BE2D-2F3EFCFC4BB5}.Release|x86.ActiveCfg = Release|x86
		{BC229E80-FF93-424F-9930-D9C07D9B57B4}.Debug|x64.ActiveCfg = Debug|x64
		{BC229E80-FF93-424F-9930-D9C07D9B57B4}.Debug|x64.Build.0 = Debug|x64
		{BC229E80-FF93-424F-9930-D9C07D9B57B4}.Debug|x86.ActiveCfg = Debug|x86
		{BC229E80-FF93-424F-9930-D9C07D9B57B4}.Debug|x86.Build.0 = Debug|x86
		{BC229E80-FF93-424F-9930-D9C07D9B57B4}.Release|x64.ActiveCfg = Release|x64
		{BC229E80-FF93-424F-9930-D9C07D9B57B4}.Release|x64.Build.0 = Release|x64
		{BC229E80-FF93-424F-9930-D9C07D9B57B4}.Release|x86.ActiveCfg = Release|x86
		{BC229E80-FF93-424F-9930-D9C07D9B57B4}.Release|x86.Build.0 = Release|x86
		{BEF73897-0D04-4F40-AD89-62E24D260CD0}.Debug|x64.ActiveCfg = Debug|x64
		{BEF73897-0D04-4F40-AD89-62E24D260CD0}.Debug|x64.Build.0 = Debug|x64
		{BEF73897-0D04-4F40-AD89-62E24D260CD0}.Debug|x86.ActiveCfg = Debug|x86
		{BEF73897-0D04-4F40-AD89-62E24D260CD0}.Debug|x86.Build.0 = Debug|x86
		{BEF73897-0D04-4F40-AD89-62E24D260CD0}.Release|x64.ActiveCfg = Release|x64
		{BEF73897-0D04-4F40-AD89-62E24D260CD0}.Release|x64.Build.0 = Release|x64
		{BEF73897-0D04-4F40-AD89-62E24D260CD0}.Release|x86.ActiveCfg = Release|x86
		{BEF73897-0D04-4F40-AD89-62E24D260CD0}.Release|x86.Build.0 = Release|x86
		{5FB5273D-277C-41DD-8593-A25CE1AFF2E9}.Debug|x64.ActiveCfg = Debug|x64
		{5FB5273D-277C-41DD-8593-A25CE1AFF2E9}.Debug|x64.Build.0 = Debug|x64
		{5FB5273D-277C-41DD-8593-A25CE1AFF2E9}.Debug|x86.ActiveCfg = Debug|x86
		{5FB5273D-277C-41DD-8593-A25CE1AFF2E9}.Debug|x86.Build.0 = Debug|x86
		{5FB5273D-277C-41DD-8593-A25CE1AFF2E9}.Release|x64.ActiveCfg = Release|x64
		{5FB5273D-277C-41DD-8593-A25CE1AFF2E9}.Release|x64.Build.0 = Release|x64
		{5FB5273D-277C-41DD-8593-A25CE1AFF2E9}.Release|x86.ActiveCfg = Release|x86
		{5FB5273D-277C-41DD-8593-A25CE1AFF2E9}.Release|x86.Build.0 = Release|x86
		{AC77745D-3B41-43E2-8E84-D40E5A4EE77F}.Debug|x64.ActiveCfg = Debug|x64
		{AC77745D-3B41-43E2-8E84-D40E5A4EE77F}.Debug|x64.Build.0 = Debug|x64
		{AC77745D-3B41-43E2-8E84-D40E5A4EE77F}.Debug|x86.ActiveCfg = Debug|x86
		{AC77745D-3B41-43E2-8E84-D40E5A4EE77F}.Debug|x86.Build.0 = Debug|x86
		{AC77745D-3B41-43E2-8E84-D40E5A4EE77F}.Release|x64.ActiveCfg = Release|x64
		{AC77745D-3B41-43E2-8E84-D40E5A4EE77F}.Release|x64.Build.0 = Release|x64
		{AC77745D-3B41-43E2-8E84-D40E5A4EE77F}.Release|x86.ActiveCfg = Release|x86
		{AC77745D-3B41-43E2-8E84-D40E5A4EE77F}.Release|x86.Build.0 = Release|x86
		{0CD2C5FE-711A-4C32-AFE0-BB804FE8B220}.Debug|x64.ActiveCfg = Debug|x64
		{0CD2C5FE-711A-4C32-AFE0-BB804FE8B220}.Debug|x64.Build.0 = Debug|x64
		{0CD2C5FE-711A-4C32-AFE0-BB804FE8B220}.Debug|x86.ActiveCfg = Debug|x86
		{0CD2C5FE-711A-4C32-AFE0-BB804FE8B220}.Debug|x86.Build.0 = Debug|x86
		{0CD2C5FE-711A-4C32-AFE0-BB804FE8B220}.Release|x64.ActiveCfg = Release|x64
		{0CD2C5FE-711A-4C32-AFE0-BB804FE8B220}.Release|x64.Build.0 = Release|x64
		{0CD2C5FE-711A-4C32-AFE0-BB804FE8B220}.Release|x86.ActiveCfg = Release|x86
		{0CD2C5FE-711A-4C32-AFE0-BB804FE8B220}.Release|x86.Build.0 = Release|x86
		{7D74555E-63E1-4C46-BD0A-8580552368C8}.Debug|x64.ActiveCfg = Debug|x64
		{7D74555E-63E1-4C46-BD0A-8580552368C8}.Debug|x64.Build.0 = Debug|x64
		{7D74555E-63E1-4C46-BD0A-8580552368C8}.Debug|x86.ActiveCfg = Debug|x86
		{7D74555E-63E1-4C46-BD0A-8580552368C8}.Debug|x86.Build.0 = Debug|x86
		{7D74555E-63E1-4C46-BD0A-8580552368C8}.Release|x64.ActiveCfg = Release|x64
		{7D74555E-63E1-4C46-BD0A-8580552368C8}.Release|x64.Build.0 = Release|x64
		{7D74555E-63E1-4C46-BD0A-8580552368C8}.Release|x86.ActiveCfg = Release|x86
		{7D74555E-63E1-4C46-BD0A-8580552368C8}.Release|x86.Build.0 = Release|x86
		{FE0E1224-B447-4B14-81E7-ED7D84822AA0}.Debug|x64.ActiveCfg = Debug|x64
		{FE0E1224-B447-4B14-81E7-ED7D84822AA0}.Debug|x64.Build.0 = Debug|x64
		{FE0E1224-B447-4B14-81E7-ED7D84822AA0}.Debug|x86.ActiveCfg = Debug|x86
		{FE0E1224-B447-4B14-81E7-ED7D84822AA0}.Debug|x86.Build.0 = Debug|x86
		{FE0E1224-B447-4B14-81E7-ED7D84822AA0}.Release|x64.ActiveCfg = Release|x64
		{FE0E1224-B447-4B14-81E7-ED7D84822AA0}.Release|x64.Build.0 = Release|x64
		{FE0E1224-B447-4B14-81E7-ED7D84822AA0}.Release|x86.ActiveCfg = Release|x86
		{FE0E1224-B447-4B14-81E7-ED7D84822AA0}.Release|x86.Build.0 = Release|x86
		{1858DDF3-BC2A-4BFF-B663-4CE2FFEB8B7D}.Debug|x64.ActiveCfg = Debug|x64
		{1858DDF3-BC2A-4BFF-B663-4CE2FFEB8B7D}.Debug|x64.Build.0 = Debug|x64
		{1858DDF3-BC2A-4BFF-B663-4CE2FFEB8B7D}.Debug|x86.ActiveCfg = Debug|x86
		{1858DDF3-BC2A-4BFF-B663-4CE2FFEB8B7D}.Debug|x86.Build.0 = Debug|x86
		{1858DDF3-BC2A-4BFF-B663-4CE2FFEB8B7D}.Release|x64.ActiveCfg = Release|x64
		{1858DDF3-BC2A-4BFF-B663-4CE2FFEB8B7D}.Release|x64.Build.0 = Release|x64
		{1858DDF3-BC2A-4BFF-B663-4CE2FFEB8B7D}.Release|x86.ActiveCfg = Release|x86
		{1858DDF3-BC2A-4BFF-B663-4CE2FFEB8B7D}.Release|x86.Build.0 = Release|x86
		{3368B17D-6060-4482-9983-AA800D74041D}.Debug|x64.ActiveCfg = Debug|x64
		{3368B17D-6060-4482-9983-AA800D74041D}.Debug|x64.Build.0 = Debug|x64
		{3368B17D-6060-4482-9983-AA800D74041D}.Debug|x86.ActiveCfg = Debug|x86
		{3368B17D-6060-4482-9983-AA800D74041D}.Debug|x86.Build.0 = Debug|x86
		{3368B17D-6060-4482-9983-AA800D74041D}.Release|x64.ActiveCfg = Release|x64
		{3368B17D-6060-4482-9983-AA800D74041D}.Release|x64.Build.0 = Release|x64
		{3368B17D-6060-4482-9983-AA800D74041D}.Release|x86.ActiveCfg = Release|x86
		{3368B17D-6060-4482-9983-AA800D74041D}.Release|x86.Build.0 = Release|x86
		{64EA30FB-11D4-436A-9C2B-88566285363E}.Debug|x64.ActiveCfg = Debug|x64
		{64EA30FB-11D4-436A-9C2B-88566285363E}.Debug|x64.Build.0 = Debug|x64
		{64EA30FB-11D4-436A-9C2B-88566285363E}.Debug|x86.ActiveCfg = Debug|x86
		{64EA30FB-11D4-436A-9C2B-88566285363E}.Debug|x86.Build.0 = Debug|x86
		{64EA30FB-11D4-436A-9C2B-88566285363E}.Release|x64.ActiveCfg = Release|x64
		{64EA30FB-11D4-436A-9C2B-88566285363E}.Release|x64.Build.0 = Release|x64
		{64EA30FB-11D4-436A-9C2B-88566285363E}.Release|x86.ActiveCfg = Release|x86
		{64EA30FB-11D4-436A-9C2B-88566285363E}.Release|x86.Build.0 = Release|x86
		{6D563A30-366D-4C35-815B-2C9E6872278B}.Debug|x64.ActiveCfg = Debug|x64
		{6D563A30-366D-4C35-815B-2C9E6872278B}.Debug|x64.Build.0 = Debug|x64
		{6D563A30-366D-4C35-815B-2C9E6872278B}.Debug|x86.ActiveCfg = Debug|x86
		{6D563A30-366D-4C35-815B-2C9E6872278B}.Debug|x86.Build.0 = Debug|x86
		{6D563A30-366D-4C35-815B-2C9E6872278B}.Release|x64.ActiveCfg = Release|x64
		{6D563A30-366D-4C35-815B-2C9E6872278B}.Release|x64.Build.0 = Release|x64
		{6D563A30-366D-4C35-815B-2C9E6872278B}.Release|x86.ActiveCfg = Release|x86
		{6D563A30-366D-4C35-815B-2C9E6872278B}.Release|x86.Build.0 = Release|x86
		{903129C6-E236-493B-9AD6-C6A57F647A3A}.Debug|x64.ActiveCfg = Debug|x64
		{903129C6-E236-493B-9AD6-C6A57F647A3A}.Debug|x64.Build.0 = Debug|x64
		{903129C6-E236-493B-9AD6-C6A57F647A3A}.Debug|x86.ActiveCfg = Debug|x86
		{903129C6-E236-493B-9AD6-C6A57F647A3A}.Debug|x86.Build.0 = Debug|x86
		{903129C6-E236-493B-9AD6-C6A57F647A3A}.Release|x64.ActiveCfg = Release|x64
		{903129C6-E236-493B-9AD6-C6A57F647A3A}.Release|x64.Build.0 = Release|x64
		{903129C6-E236-493B-9AD6-C6A57F647A3A}.Release|x86.ActiveCfg = Release|x86
		{903129C6-E236-493B-9AD6-C6A57F647A3A}.Release|x86.Build.0 = Release|x86
		{C7889E97-6FF6-4A58-B7CB-521ED276B316}.Debug|x64.ActiveCfg = Debug|x64
		{C7889E97-6FF6-4A58-B7CB-521ED276B316}.Debug|x64.Build.0 = Debug|x64
		{C7889E97-6FF6-4A58-B7CB-521ED276B316}.Debug|x86.ActiveCfg = Debug|x86
		{C7889E97-6FF6-4A58-B7CB-521ED276B316}.Debug|x86.Build.0 = Debug|x86
		{C7889E97-6FF6-4A58-B7CB-521ED276B316}.Release|x64.ActiveCfg = Release|x64
		{C7889E97-6FF6-4A58-B7CB-521ED276B316}.Release|x64.Build.0 = Release|x64
		{C7889E97-6FF6-4A58-B7CB-521ED276B316}.Release|x86.ActiveCfg = Release|x86
		{C7889E97-6FF6-4A58-B7CB-521ED276B316}.Release|x86.Build.0 = Release|x86
		{7016F080-9AA5-41B2-A225-385AD877C171}.Debug|x64.ActiveCfg = Debug|x64
		{7016F080-9AA5-41B2-A225-385AD877C171}.Debug|x64.Build.0 = Debug|x64
		{7016F080-9AA5-41B2-A225-385AD877C171}.Debug|x86.ActiveCfg = Debug|x86
		{7016F080-9AA5-41B2-A225-385AD877C171}.Debug|x86.Build.0 = Debug|x86
		{7016F080-9AA5-41B2-A225-385AD877C171}.Release|x64.ActiveCfg = Release|x64
		{7016F080-9AA5-41B2-A225-385AD877C171}.Release|x64.Build.0 = Release|x64
		{7016F080-9AA5-41B2-A225-385AD877C171}.Release|x86.ActiveCfg = Release|x86
		{7016F080-9AA5-41B2-A225-385AD877C171}.Release|x86.Build.0 = Release|x86
		{30B2D907-5861-4F39-ABAD-C4ABF1B3470E}.Debug|x64.ActiveCfg = Debug|x64
		{30B2D907-5861-4F39-ABAD-C4ABF1B3470E}.Debug|x64.Build.0 = Debug|x64
		{30B2D907-5861-4F39-ABAD-C4ABF1B3470E}.Debug|x86.ActiveCfg = Debug|x86
		{30B2D907-5861-4F39-ABAD-C4ABF1B3470E}.Debug|x86.Build.0 = Debug|x86
		{30B2D907-5861-4F39-ABAD-C4ABF1B3470E}.Release|x64.ActiveCfg = Release|x64
		{30B2D907-5861-4F39-ABAD-C4ABF1B3470E}.Release|x64.Build.0 = Release|x64
		{30B2D907-5861-4F39-ABAD-C4ABF1B3470E}.Release|x86.ActiveCfg = Release|x86
		{30B2D907-5861-4F39-ABAD-C4ABF1B3470E}.Release|x86.Build.0 = Release|x86
		{F54C4C0E-4C72-4F88-A389-7F6DE3CCB745}.Debug|x64.ActiveCfg = Debug|x64
		{F54C4C0E-4C72-4F88-A389-7F6DE3CCB745}.Debug|x64.Build.0 = Debug|x64
		{F54C4C0E-4C72-4F88-A389-7F6DE3CCB745}.Debug|x86.ActiveCfg = Debug|x86
		{F54C4C0E-4C72-4F88-A389-7F6DE3CCB745}.Debug|x86.Build.0 = Debug|x86
		{F54C4C0E-4C72-4F88-A389-7F6DE3CCB745}.Release|x64.ActiveCfg = Release|x64
		{F54C4C0E-4C72-4F88-A389-7F6DE3CCB745}.Release|x86.ActiveCfg = Release|x86
		{A113E68F-1209-4689-981A-15C554B2DF4E}.Debug|x64.ActiveCfg = Debug|x64
		{A113E68F-1209-4689-981A-15C554B2DF4E}.Debug|x64.Build.0 = Debug|x64
		{A113E68F-1209-4689-981A-15C554B2DF4E}.Debug|x86.ActiveCfg = Debug|x86
		{A113E68F-1209-4689-981A-15C554B2DF4E}.Debug|x86.Build.0 = Debug|x86
		{A113E68F-1209-4689-981A-15C554B2DF4E}.Release|x64.ActiveCfg = Release|x64
		{A113E68F-1209-4689-981A-15C554B2DF4E}.Release|x64.Build.0 = Release|x64
		{A113E68F-1209-4689-981A-15C554B2DF4E}.Release|x86.ActiveCfg = Release|x86
		{A113E68F-1209-4689-981A-15C554B2DF4E}.Release|x86.Build.0 = Release|x86
		{46EDBDE0-58B4-4725-9783-0C55C3D49C0C}.Debug|x64.ActiveCfg = Debug|x64
		{46EDBDE0-58B4-4725-9783-0C55C3D49C0C}.Debug|x64.Build.0 = Debug|x64
		{46EDBDE0-58B4-4725-9783-0C55C3D49C0C}.Debug|x86.ActiveCfg = Debug|x86
		{46EDBDE0-58B4-4725-9783-0C55C3D49C0C}.Debug|x86.Build.0 = Debug|x86
		{46EDBDE0-58B4-4725-9783-0C55C3D49C0C}.Release|x64.ActiveCfg = Release|x64
		{46EDBDE0-58B4-4725-9783-0C55C3D49C0C}.Release|x64.Build.0 = Release|x64
		{46EDBDE0-58B4-4725-9783-0C55C3D49C0C}.Release|x86.ActiveCfg = Release|x86
		{46EDBDE0-58B4-4725-9783-0C55C3D49C0C}.Release|x86.Build.0 = Release|x86
		{DB701E6F-BDDC-4CEC-B662-335A9DC11809}.Debug|x64.ActiveCfg = Debug|x64
		{DB701E6F-BDDC-4CEC-B662-335A9DC11809}.Debug|x64.Build.0 = Debug|x64
		{DB701E6F-BDDC-4CEC-B662-335A9DC11809}.Debug|x86.ActiveCfg = Debug|x86
		{DB701E6F-BDDC-4CEC-B662-335A9DC11809}.Debug|x86.Build.0 = Debug|x86
		{DB701E6F-BDDC-4CEC-B662-335A9DC11809}.Release|x64.ActiveCfg = Release|x64
		{DB701E6F-BDDC-4CEC-B662-335A9DC11809}.Release|x64.Build.0 = Release|x64
		{DB701E6F-BDDC-4CEC-B662-335A9DC11809}.Release|x86.ActiveCfg = Release|x86
		{DB701E6F-BDDC-4CEC-B662-335A9DC11809}.Release|x86.Build.0 = Release|x86
		{0E14D163-557E-469E-9112-96936AF43A7B}.Debug|x64.ActiveCfg = Debug|x64
		{0E14D163-557E-469E-9112-96936AF43A7B}.Debug|x86.ActiveCfg = Debug|x86
		{0E14D163-557E-469E-9112-96936AF43A7B}.Release|x64.ActiveCfg = Release|x64
		{0E14D163-557E-469E-9112-96936AF43A7B}.Release|x64.Build.0 = Release|x64
		{0E14D163-557E-469E-9112-96936AF43A7B}.Release|x86.ActiveCfg = Release|x86
		{0E14D163-557E-469E-9112-96936AF43A7B}.Release|x86.Build.0 = Release|x86
		{95B68CBF-C483-4824-BB39-663E840519A0}.Debug|x64.ActiveCfg = Debug|x64
		{95B68CBF-C483-4824-BB39-663E840519A0}.Debug|x86.ActiveCfg = Debug|x86
		{95B68CBF-C483-4824-BB39-663E840519A0}.Release|x64.ActiveCfg = Release|x64
		{95B68CBF-C483-4824-BB39-663E840519A0}.Release|x86.ActiveCfg = Release|x86
		{95B68CBF-C483-4824-BB39-663E840519A0}.Release|x86.Build.0 = Release|x86
		{3F1F262E-A07C-4513-83C6-D7EF2F203EBF}.Debug|x64.ActiveCfg = Debug|x64
		{3F1F262E-A07C-4513-83C6-D7EF2F203EBF}.Debug|x64.Build.0 = Debug|x64
		{3F1F262E-A07C-4513-83C6-D7EF2F203EBF}.Debug|x86.ActiveCfg = Debug|x86
		{3F1F262E-A07C-4513-83C6-D7EF2F203EBF}.Debug|x86.Build.0 = Debug|x86
		{3F1F262E-A07C-4513-83C6-D7EF2F203EBF}.Release|x64.ActiveCfg = Release|x64
		{3F1F262E-A07C-4513-83C6-D7EF2F203EBF}.Release|x64.Build.0 = Release|x64
		{3F1F262E-A07C-4513-83C6-D7EF2F203EBF}.Release|x86.ActiveCfg = Release|x86
		{3F1F262E-A07C-4513-83C6-D7EF2F203EBF}.Release|x86.Build.0 = Release|x86
		{8E52BD1C-0540-4F16-B181-6665D43F7A7B}.Debug|x64.ActiveCfg = Debug|x64
		{8E52BD1C-0540-4F16-B181-6665D43F7A7B}.Debug|x64.Build.0 = Debug|x64
		{8E52BD1C-0540-4F16-B181-6665D43F7A7B}.Debug|x86.ActiveCfg = Debug|x86
		{8E52BD1C-0540-4F16-B181-6665D43F7A7B}.Debug|x86.Build.0 = Debug|x86
		{8E52BD1C-0540-4F16-B181-6665D43F7A7B}.Release|x64.ActiveCfg = Release|x64
		{8E52BD1C-0540-4F16-B181-6665D43F7A7B}.Release|x64.Build.0 = Release|x64
		{8E52BD1C-0540-4F16-B181-6665D43F7A7B}.Release|x86.ActiveCfg = Release|x86
		{8E52BD1C-0540-4F16-B181-6665D43F7A7B}.Release|x86.Build.0 = Release|x86
	EndGlobalSection
	GlobalSection(SolutionProperties) = preSolution
		HideSolutionNode = FALSE
	EndGlobalSection
	GlobalSection(ExtensibilityGlobals) = postSolution
		SolutionGuid = {42A10DA5-96FA-443F-B3DE-5399FC325752}
	EndGlobalSection
EndGlobal
